{
  "name": "create-b2c-landing",
  "version": "1.0.0",
  "lockfileVersion": 3,
  "requires": true,
  "packages": {
    "": {
      "name": "create-b2c-landing",
      "version": "1.0.0",
      "bin": {
        "create-b2c-landing": "index.js"
      },
      "engines": {
        "node": ">=18"
      }
    }
  }
}
